# This file is automatically @generated by Cargo.
# It is not intended for manual editing.
version = 3

[[package]]
name = "atk"
version = "0.18.0"
source = "registry+https://github.com/rust-lang/crates.io-index"
checksum = "b4af014b17dd80e8af9fa689b2d4a211ddba6eb583c1622f35d0cb543f6b17e4"
dependencies = [
 "atk-sys",
 "glib",
 "libc",
]

[[package]]
name = "atk-sys"
version = "0.18.0"
source = "registry+https://github.com/rust-lang/crates.io-index"
checksum = "251e0b7d90e33e0ba930891a505a9a35ece37b2dd37a14f3ffc306c13b980009"
dependencies = [
 "glib-sys",
 "gobject-sys",
 "libc",
 "system-deps",
]

[[package]]
name = "autocfg"
version = "1.1.0"
source = "registry+https://github.com/rust-lang/crates.io-index"
checksum = "d468802bab17cbc0cc575e9b053f41e72aa36bfa6b7f55e3529ffa43161b97fa"

[[package]]
name = "bitflags"
version = "1.3.2"
source = "registry+https://github.com/rust-lang/crates.io-index"
checksum = "bef38d45163c2f1dde094a7dfd33ccf595c92905c8f8f4fdc18d06fb1037718a"

[[package]]
name = "bitflags"
version = "2.4.1"
source = "registry+https://github.com/rust-lang/crates.io-index"
checksum = "327762f6e5a765692301e5bb513e0d9fef63be86bbc14528052b1cd3e6f03e07"

[[package]]
name = "cairo-rs"
version = "0.18.5"
source = "registry+https://github.com/rust-lang/crates.io-index"
checksum = "8ca26ef0159422fb77631dc9d17b102f253b876fe1586b03b803e63a309b4ee2"
dependencies = [
 "bitflags 2.4.1",
 "cairo-sys-rs",
 "glib",
 "libc",
 "once_cell",
 "thiserror",
]

[[package]]
name = "cairo-sys-rs"
version = "0.18.2"
source = "registry+https://github.com/rust-lang/crates.io-index"
checksum = "685c9fa8e590b8b3d678873528d83411db17242a73fccaed827770ea0fedda51"
dependencies = [
 "glib-sys",
 "libc",
 "system-deps",
]

[[package]]
name = "cc"
version = "1.0.79"
source = "registry+https://github.com/rust-lang/crates.io-index"
checksum = "50d30906286121d95be3d479533b458f87493b30a4b5f79a607db8f5d11aa91f"

[[package]]
name = "cfg-expr"
version = "0.11.0"
source = "registry+https://github.com/rust-lang/crates.io-index"
checksum = "b0357a6402b295ca3a86bc148e84df46c02e41f41fef186bda662557ef6328aa"
dependencies = [
 "smallvec",
]

[[package]]
name = "cfg-if"
version = "1.0.0"
source = "registry+https://github.com/rust-lang/crates.io-index"
checksum = "baf1de4339761588bc0619e3cbc0120ee582ebb74b53b4efbf79117bd2da40fd"

[[package]]
name = "clap"
version = "4.1.6"
source = "registry+https://github.com/rust-lang/crates.io-index"
checksum = "ec0b0588d44d4d63a87dbd75c136c166bbfd9a86a31cb89e09906521c7d3f5e3"
dependencies = [
 "bitflags 1.3.2",
 "clap_derive",
 "clap_lex",
 "is-terminal",
 "once_cell",
 "strsim",
 "termcolor",
]

[[package]]
name = "clap_complete"
version = "4.1.3"
source = "registry+https://github.com/rust-lang/crates.io-index"
checksum = "0012995dc3a54314f4710f5631d74767e73c534b8757221708303e48eef7a19b"
dependencies = [
 "clap",
]

[[package]]
name = "clap_derive"
version = "4.1.0"
source = "registry+https://github.com/rust-lang/crates.io-index"
checksum = "684a277d672e91966334af371f1a7b5833f9aa00b07c84e92fbce95e00208ce8"
dependencies = [
 "heck",
 "proc-macro-error",
 "proc-macro2",
 "quote",
 "syn 1.0.109",
]

[[package]]
name = "clap_lex"
version = "0.3.2"
source = "registry+https://github.com/rust-lang/crates.io-index"
checksum = "350b9cf31731f9957399229e9b2adc51eeabdfbe9d71d9a0552275fd12710d09"
dependencies = [
 "os_str_bytes",
]

[[package]]
name = "dirs"
version = "5.0.1"
source = "registry+https://github.com/rust-lang/crates.io-index"
checksum = "44c45a9d03d6676652bcb5e724c7e988de1acad23a711b5217ab9cbecbec2225"
dependencies = [
 "dirs-sys",
]

[[package]]
name = "dirs-sys"
version = "0.4.1"
source = "registry+https://github.com/rust-lang/crates.io-index"
checksum = "520f05a5cbd335fae5a99ff7a6ab8627577660ee5cfd6a94a6a929b52ff0321c"
dependencies = [
 "libc",
 "option-ext",
 "redox_users",
 "windows-sys 0.48.0",
]

[[package]]
name = "equivalent"
version = "1.0.1"
source = "registry+https://github.com/rust-lang/crates.io-index"
checksum = "5443807d6dff69373d433ab9ef5378ad8df50ca6298caf15de6e52e24aaf54d5"

[[package]]
name = "errno"
version = "0.2.8"
source = "registry+https://github.com/rust-lang/crates.io-index"
checksum = "f639046355ee4f37944e44f60642c6f3a7efa3cf6b78c78a0d989a8ce6c396a1"
dependencies = [
 "errno-dragonfly",
 "libc",
 "winapi",
]

[[package]]
name = "errno-dragonfly"
version = "0.1.2"
source = "registry+https://github.com/rust-lang/crates.io-index"
checksum = "aa68f1b12764fab894d2755d2518754e71b4fd80ecfb822714a1206c2aab39bf"
dependencies = [
 "cc",
 "libc",
]

[[package]]
name = "field-offset"
version = "0.3.4"
source = "registry+https://github.com/rust-lang/crates.io-index"
checksum = "1e1c54951450cbd39f3dbcf1005ac413b49487dabf18a720ad2383eccfeffb92"
dependencies = [
 "memoffset",
 "rustc_version",
]

[[package]]
name = "futures-channel"
version = "0.3.26"
source = "registry+https://github.com/rust-lang/crates.io-index"
checksum = "2e5317663a9089767a1ec00a487df42e0ca174b61b4483213ac24448e4664df5"
dependencies = [
 "futures-core",
]

[[package]]
name = "futures-core"
version = "0.3.26"
source = "registry+https://github.com/rust-lang/crates.io-index"
checksum = "ec90ff4d0fe1f57d600049061dc6bb68ed03c7d2fbd697274c41805dcb3f8608"

[[package]]
name = "futures-executor"
version = "0.3.26"
source = "registry+https://github.com/rust-lang/crates.io-index"
checksum = "e8de0a35a6ab97ec8869e32a2473f4b1324459e14c29275d14b10cb1fd19b50e"
dependencies = [
 "futures-core",
 "futures-task",
 "futures-util",
]

[[package]]
name = "futures-io"
version = "0.3.26"
source = "registry+https://github.com/rust-lang/crates.io-index"
checksum = "bfb8371b6fb2aeb2d280374607aeabfc99d95c72edfe51692e42d3d7f0d08531"

[[package]]
name = "futures-macro"
version = "0.3.26"
source = "registry+https://github.com/rust-lang/crates.io-index"
checksum = "95a73af87da33b5acf53acfebdc339fe592ecf5357ac7c0a7734ab9d8c876a70"
dependencies = [
 "proc-macro2",
 "quote",
 "syn 1.0.109",
]

[[package]]
name = "futures-task"
version = "0.3.26"
source = "registry+https://github.com/rust-lang/crates.io-index"
checksum = "dcf79a1bf610b10f42aea489289c5a2c478a786509693b80cd39c44ccd936366"

[[package]]
name = "futures-util"
version = "0.3.26"
source = "registry+https://github.com/rust-lang/crates.io-index"
checksum = "9c1d6de3acfef38d2be4b1f543f553131788603495be83da675e180c8d6b7bd1"
dependencies = [
 "futures-core",
 "futures-macro",
 "futures-task",
 "pin-project-lite",
 "pin-utils",
 "slab",
]

[[package]]
name = "gdk"
version = "0.18.0"
source = "registry+https://github.com/rust-lang/crates.io-index"
checksum = "f5ba081bdef3b75ebcdbfc953699ed2d7417d6bd853347a42a37d76406a33646"
dependencies = [
 "cairo-rs",
 "gdk-pixbuf",
 "gdk-sys",
 "gio",
 "glib",
 "libc",
 "pango",
]

[[package]]
name = "gdk-pixbuf"
version = "0.18.5"
source = "registry+https://github.com/rust-lang/crates.io-index"
checksum = "50e1f5f1b0bfb830d6ccc8066d18db35c487b1b2b1e8589b5dfe9f07e8defaec"
dependencies = [
 "gdk-pixbuf-sys",
 "gio",
 "glib",
 "libc",
 "once_cell",
]

[[package]]
name = "gdk-pixbuf-sys"
version = "0.18.0"
source = "registry+https://github.com/rust-lang/crates.io-index"
checksum = "3f9839ea644ed9c97a34d129ad56d38a25e6756f99f3a88e15cd39c20629caf7"
dependencies = [
 "gio-sys",
 "glib-sys",
 "gobject-sys",
 "libc",
 "system-deps",
]

[[package]]
name = "gdk-sys"
version = "0.18.0"
source = "registry+https://github.com/rust-lang/crates.io-index"
checksum = "31ff856cb3386dae1703a920f803abafcc580e9b5f711ca62ed1620c25b51ff2"
dependencies = [
 "cairo-sys-rs",
 "gdk-pixbuf-sys",
 "gio-sys",
 "glib-sys",
 "gobject-sys",
 "libc",
 "pango-sys",
 "pkg-config",
 "system-deps",
]

[[package]]
name = "getrandom"
version = "0.2.8"
source = "registry+https://github.com/rust-lang/crates.io-index"
checksum = "c05aeb6a22b8f62540c194aac980f2115af067bfe15a0734d7277a768d396b31"
dependencies = [
 "cfg-if",
 "libc",
 "wasi",
]

[[package]]
name = "gio"
version = "0.18.4"
source = "registry+https://github.com/rust-lang/crates.io-index"
checksum = "d4fc8f532f87b79cbc51a79748f16a6828fb784be93145a322fa14d06d354c73"
dependencies = [
 "futures-channel",
 "futures-core",
 "futures-io",
 "futures-util",
 "gio-sys",
 "glib",
 "libc",
 "once_cell",
 "pin-project-lite",
 "smallvec",
 "thiserror",
]

[[package]]
name = "gio-sys"
version = "0.18.1"
source = "registry+https://github.com/rust-lang/crates.io-index"
checksum = "37566df850baf5e4cb0dfb78af2e4b9898d817ed9263d1090a2df958c64737d2"
dependencies = [
 "glib-sys",
 "gobject-sys",
 "libc",
 "system-deps",
 "winapi",
]

[[package]]
name = "glib"
version = "0.18.5"
source = "registry+https://github.com/rust-lang/crates.io-index"
checksum = "233daaf6e83ae6a12a52055f568f9d7cf4671dabb78ff9560ab6da230ce00ee5"
dependencies = [
 "bitflags 2.4.1",
 "futures-channel",
 "futures-core",
 "futures-executor",
 "futures-task",
 "futures-util",
 "gio-sys",
 "glib-macros",
 "glib-sys",
 "gobject-sys",
 "libc",
 "memchr",
 "once_cell",
 "smallvec",
 "thiserror",
]

[[package]]
name = "glib-macros"
version = "0.18.5"
source = "registry+https://github.com/rust-lang/crates.io-index"
checksum = "0bb0228f477c0900c880fd78c8759b95c7636dbd7842707f49e132378aa2acdc"
dependencies = [
 "heck",
 "proc-macro-crate 2.0.1",
 "proc-macro-error",
 "proc-macro2",
 "quote",
 "syn 2.0.43",
]

[[package]]
name = "glib-sys"
version = "0.18.1"
source = "registry+https://github.com/rust-lang/crates.io-index"
checksum = "063ce2eb6a8d0ea93d2bf8ba1957e78dbab6be1c2220dd3daca57d5a9d869898"
dependencies = [
 "libc",
 "system-deps",
]

[[package]]
name = "gobject-sys"
version = "0.18.0"
source = "registry+https://github.com/rust-lang/crates.io-index"
checksum = "0850127b514d1c4a4654ead6dedadb18198999985908e6ffe4436f53c785ce44"
dependencies = [
 "glib-sys",
 "libc",
 "system-deps",
]

[[package]]
name = "gtk"
version = "0.18.1"
source = "registry+https://github.com/rust-lang/crates.io-index"
checksum = "93c4f5e0e20b60e10631a5f06da7fe3dda744b05ad0ea71fee2f47adf865890c"
dependencies = [
 "atk",
 "cairo-rs",
 "field-offset",
 "futures-channel",
 "gdk",
 "gdk-pixbuf",
 "gio",
 "glib",
 "gtk-sys",
 "gtk3-macros",
 "libc",
 "pango",
 "pkg-config",
]

[[package]]
name = "gtk-layer-shell"
version = "0.8.0"
source = "registry+https://github.com/rust-lang/crates.io-index"
checksum = "19fd93acba7b8ea8918fc564843a22cd1eeffe234b85a8c7d5732c611a425bb0"
dependencies = [
 "bitflags 2.4.1",
 "gdk",
 "glib",
 "glib-sys",
 "gtk",
 "gtk-layer-shell-sys",
 "libc",
]

[[package]]
name = "gtk-layer-shell-sys"
version = "0.7.0"
source = "registry+https://github.com/rust-lang/crates.io-index"
checksum = "90e46fa9aa7c926630b2483cc3d47de26a51173fc2fddb65737e5d813d4be448"
dependencies = [
 "gdk-sys",
 "glib-sys",
 "gtk-sys",
 "libc",
 "system-deps",
]

[[package]]
name = "gtk-sys"
version = "0.18.0"
source = "registry+https://github.com/rust-lang/crates.io-index"
checksum = "771437bf1de2c1c0b496c11505bdf748e26066bbe942dfc8f614c9460f6d7722"
dependencies = [
 "atk-sys",
 "cairo-sys-rs",
 "gdk-pixbuf-sys",
 "gdk-sys",
 "gio-sys",
 "glib-sys",
 "gobject-sys",
 "libc",
 "pango-sys",
 "system-deps",
]

[[package]]
name = "gtk3-macros"
version = "0.18.0"
source = "registry+https://github.com/rust-lang/crates.io-index"
checksum = "c6063efb63db582968fb7df72e1ae68aa6360dcfb0a75143f34fc7d616bad75e"
dependencies = [
 "proc-macro-crate 1.3.0",
 "proc-macro-error",
 "proc-macro2",
 "quote",
 "syn 2.0.43",
]

[[package]]
name = "hashbrown"
version = "0.12.3"
source = "registry+https://github.com/rust-lang/crates.io-index"
checksum = "8a9ee70c43aaf417c914396645a0fa852624801b24ebb7ae78fe8272889ac888"

[[package]]
name = "hashbrown"
version = "0.14.3"
source = "registry+https://github.com/rust-lang/crates.io-index"
checksum = "290f1a1d9242c78d09ce40a5e87e7554ee637af1351968159f4952f028f75604"

[[package]]
name = "heck"
version = "0.4.1"
source = "registry+https://github.com/rust-lang/crates.io-index"
checksum = "95505c38b4572b2d910cecb0281560f54b440a19336cbbcb27bf6ce6adc6f5a8"

[[package]]
name = "hermit-abi"
version = "0.3.1"
source = "registry+https://github.com/rust-lang/crates.io-index"
checksum = "fed44880c466736ef9a5c5b5facefb5ed0785676d0c02d612db14e54f0d84286"

[[package]]
name = "indexmap"
version = "1.9.2"
source = "registry+https://github.com/rust-lang/crates.io-index"
checksum = "1885e79c1fc4b10f0e172c475f458b7f7b93061064d98c3293e98c5ba0c8b399"
dependencies = [
 "autocfg",
 "hashbrown 0.12.3",
]

[[package]]
name = "indexmap"
version = "2.1.0"
source = "registry+https://github.com/rust-lang/crates.io-index"
checksum = "d530e1a18b1cb4c484e6e34556a0d948706958449fca0cab753d649f2bce3d1f"
dependencies = [
 "equivalent",
 "hashbrown 0.14.3",
]

[[package]]
name = "io-lifetimes"
version = "1.0.5"
source = "registry+https://github.com/rust-lang/crates.io-index"
checksum = "1abeb7a0dd0f8181267ff8adc397075586500b81b28a73e8a0208b00fc170fb3"
dependencies = [
 "libc",
 "windows-sys 0.45.0",
]

[[package]]
name = "is-terminal"
version = "0.4.4"
source = "registry+https://github.com/rust-lang/crates.io-index"
checksum = "21b6b32576413a8e69b90e952e4a026476040d81017b80445deda5f2d3921857"
dependencies = [
 "hermit-abi",
 "io-lifetimes",
 "rustix",
 "windows-sys 0.45.0",
]

[[package]]
name = "itoa"
version = "1.0.5"
source = "registry+https://github.com/rust-lang/crates.io-index"
checksum = "fad582f4b9e86b6caa621cabeb0963332d92eea04729ab12892c2533951e6440"

[[package]]
name = "libc"
version = "0.2.139"
source = "registry+https://github.com/rust-lang/crates.io-index"
checksum = "201de327520df007757c1f0adce6e827fe8562fbc28bfd9c15571c66ca1f5f79"

[[package]]
name = "linux-raw-sys"
version = "0.1.4"
source = "registry+https://github.com/rust-lang/crates.io-index"
checksum = "f051f77a7c8e6957c0696eac88f26b0117e54f52d3fc682ab19397a8812846a4"

[[package]]
name = "memchr"
version = "2.5.0"
source = "registry+https://github.com/rust-lang/crates.io-index"
checksum = "2dffe52ecf27772e601905b7522cb4ef790d2cc203488bbd0e2fe85fcb74566d"

[[package]]
name = "memoffset"
version = "0.6.5"
source = "registry+https://github.com/rust-lang/crates.io-index"
checksum = "5aa361d4faea93603064a027415f07bd8e1d5c88c9fbf68bf56a285428fd79ce"
dependencies = [
 "autocfg",
]

[[package]]
name = "nom8"
version = "0.2.0"
source = "registry+https://github.com/rust-lang/crates.io-index"
checksum = "ae01545c9c7fc4486ab7debaf2aad7003ac19431791868fb2e8066df97fad2f8"
dependencies = [
 "memchr",
]

[[package]]
name = "once_cell"
version = "1.17.1"
source = "registry+https://github.com/rust-lang/crates.io-index"
checksum = "b7e5500299e16ebb147ae15a00a942af264cf3688f47923b8fc2cd5858f23ad3"

[[package]]
name = "option-ext"
version = "0.2.0"
source = "registry+https://github.com/rust-lang/crates.io-index"
checksum = "04744f49eae99ab78e0d5c0b603ab218f515ea8cfe5a456d7629ad883a3b6e7d"

[[package]]
name = "os_str_bytes"
version = "6.4.1"
source = "registry+https://github.com/rust-lang/crates.io-index"
checksum = "9b7820b9daea5457c9f21c69448905d723fbd21136ccf521748f23fd49e723ee"

[[package]]
name = "pango"
version = "0.18.3"
source = "registry+https://github.com/rust-lang/crates.io-index"
checksum = "7ca27ec1eb0457ab26f3036ea52229edbdb74dee1edd29063f5b9b010e7ebee4"
dependencies = [
 "gio",
 "glib",
 "libc",
 "once_cell",
 "pango-sys",
]

[[package]]
name = "pango-sys"
version = "0.18.0"
source = "registry+https://github.com/rust-lang/crates.io-index"
checksum = "436737e391a843e5933d6d9aa102cb126d501e815b83601365a948a518555dc5"
dependencies = [
 "glib-sys",
 "gobject-sys",
 "libc",
 "system-deps",
]

[[package]]
name = "pest"
version = "2.5.5"
source = "registry+https://github.com/rust-lang/crates.io-index"
checksum = "028accff104c4e513bad663bbcd2ad7cfd5304144404c31ed0a77ac103d00660"
dependencies = [
 "thiserror",
 "ucd-trie",
]

[[package]]
name = "pin-project-lite"
version = "0.2.9"
source = "registry+https://github.com/rust-lang/crates.io-index"
checksum = "e0a7ae3ac2f1173085d398531c705756c94a4c56843785df85a60c1a0afac116"

[[package]]
name = "pin-utils"
version = "0.1.0"
source = "registry+https://github.com/rust-lang/crates.io-index"
checksum = "8b870d8c151b6f2fb93e84a13146138f05d02ed11c7e7c54f8826aaaf7c9f184"

[[package]]
name = "pkg-config"
version = "0.3.26"
source = "registry+https://github.com/rust-lang/crates.io-index"
checksum = "6ac9a59f73473f1b8d852421e59e64809f025994837ef743615c6d0c5b305160"

[[package]]
name = "proc-macro-crate"
version = "1.3.0"
source = "registry+https://github.com/rust-lang/crates.io-index"
checksum = "66618389e4ec1c7afe67d51a9bf34ff9236480f8d51e7489b7d5ab0303c13f34"
dependencies = [
 "once_cell",
 "toml_edit 0.18.1",
]

[[package]]
name = "proc-macro-crate"
version = "2.0.1"
source = "registry+https://github.com/rust-lang/crates.io-index"
checksum = "97dc5fea232fc28d2f597b37c4876b348a40e33f3b02cc975c8d006d78d94b1a"
dependencies = [
 "toml_datetime 0.6.3",
 "toml_edit 0.20.2",
]

[[package]]
name = "proc-macro-error"
version = "1.0.4"
source = "registry+https://github.com/rust-lang/crates.io-index"
checksum = "da25490ff9892aab3fcf7c36f08cfb902dd3e71ca0f9f9517bea02a73a5ce38c"
dependencies = [
 "proc-macro-error-attr",
 "proc-macro2",
 "quote",
 "syn 1.0.109",
 "version_check",
]

[[package]]
name = "proc-macro-error-attr"
version = "1.0.4"
source = "registry+https://github.com/rust-lang/crates.io-index"
checksum = "a1be40180e52ecc98ad80b184934baf3d0d29f979574e439af5a55274b35f869"
dependencies = [
 "proc-macro2",
 "quote",
 "version_check",
]

[[package]]
name = "proc-macro2"
version = "1.0.71"
source = "registry+https://github.com/rust-lang/crates.io-index"
checksum = "75cb1540fadbd5b8fbccc4dddad2734eba435053f725621c070711a14bb5f4b8"
dependencies = [
 "unicode-ident",
]

[[package]]
name = "quote"
version = "1.0.33"
source = "registry+https://github.com/rust-lang/crates.io-index"
checksum = "5267fca4496028628a95160fc423a33e8b2e6af8a5302579e322e4b520293cae"
dependencies = [
 "proc-macro2",
]

[[package]]
name = "redox_syscall"
version = "0.2.16"
source = "registry+https://github.com/rust-lang/crates.io-index"
checksum = "fb5a58c1855b4b6819d59012155603f0b22ad30cad752600aadfcb695265519a"
dependencies = [
 "bitflags 1.3.2",
]

[[package]]
name = "redox_users"
version = "0.4.3"
source = "registry+https://github.com/rust-lang/crates.io-index"
checksum = "b033d837a7cf162d7993aded9304e30a83213c648b6e389db233191f891e5c2b"
dependencies = [
 "getrandom",
 "redox_syscall",
 "thiserror",
]

[[package]]
name = "rustc_version"
version = "0.3.3"
source = "registry+https://github.com/rust-lang/crates.io-index"
checksum = "f0dfe2087c51c460008730de8b57e6a320782fbfb312e1f4d520e6c6fae155ee"
dependencies = [
 "semver",
]

[[package]]
name = "rustix"
version = "0.36.8"
source = "registry+https://github.com/rust-lang/crates.io-index"
checksum = "f43abb88211988493c1abb44a70efa56ff0ce98f233b7b276146f1f3f7ba9644"
dependencies = [
 "bitflags 1.3.2",
 "errno",
 "io-lifetimes",
 "libc",
 "linux-raw-sys",
 "windows-sys 0.45.0",
]

[[package]]
name = "ryu"
version = "1.0.12"
source = "registry+https://github.com/rust-lang/crates.io-index"
checksum = "7b4b9743ed687d4b4bcedf9ff5eaa7398495ae14e61cba0a295704edbc7decde"

[[package]]
name = "semver"
version = "0.11.0"
source = "registry+https://github.com/rust-lang/crates.io-index"
checksum = "f301af10236f6df4160f7c3f04eec6dbc70ace82d23326abad5edee88801c6b6"
dependencies = [
 "semver-parser",
]

[[package]]
name = "semver-parser"
version = "0.10.2"
source = "registry+https://github.com/rust-lang/crates.io-index"
checksum = "00b0bef5b7f9e0df16536d3961cfb6e84331c065b4066afb39768d0e319411f7"
dependencies = [
 "pest",
]

[[package]]
name = "serde"
version = "1.0.152"
source = "registry+https://github.com/rust-lang/crates.io-index"
checksum = "bb7d1f0d3021d347a83e556fc4683dea2ea09d87bccdf88ff5c12545d89d5efb"
dependencies = [
 "serde_derive",
]

[[package]]
name = "serde_derive"
version = "1.0.152"
source = "registry+https://github.com/rust-lang/crates.io-index"
checksum = "af487d118eecd09402d70a5d72551860e788df87b464af30e5ea6a38c75c541e"
dependencies = [
 "proc-macro2",
 "quote",
 "syn 1.0.109",
]

[[package]]
name = "serde_json"
version = "1.0.93"
source = "registry+https://github.com/rust-lang/crates.io-index"
checksum = "cad406b69c91885b5107daf2c29572f6c8cdb3c66826821e286c533490c0bc76"
dependencies = [
 "itoa",
 "ryu",
 "serde",
]

[[package]]
name = "slab"
version = "0.4.8"
source = "registry+https://github.com/rust-lang/crates.io-index"
checksum = "6528351c9bc8ab22353f9d776db39a20288e8d6c37ef8cfe3317cf875eecfc2d"
dependencies = [
 "autocfg",
]

[[package]]
name = "smallvec"
version = "1.10.0"
source = "registry+https://github.com/rust-lang/crates.io-index"
checksum = "a507befe795404456341dfab10cef66ead4c041f62b8b11bbb92bffe5d0953e0"

[[package]]
name = "strsim"
version = "0.10.0"
source = "registry+https://github.com/rust-lang/crates.io-index"
checksum = "73473c0e59e6d5812c5dfe2a064a6444949f089e20eec9a2e5506596494e4623"

[[package]]
name = "syn"
version = "1.0.109"
source = "registry+https://github.com/rust-lang/crates.io-index"
checksum = "72b64191b275b66ffe2469e8af2c1cfe3bafa67b529ead792a6d0160888b4237"
dependencies = [
 "proc-macro2",
 "quote",
 "unicode-ident",
]

[[package]]
name = "syn"
version = "2.0.43"
source = "registry+https://github.com/rust-lang/crates.io-index"
checksum = "ee659fb5f3d355364e1f3e5bc10fb82068efbf824a1e9d1c9504244a6469ad53"
dependencies = [
 "proc-macro2",
 "quote",
 "unicode-ident",
]

[[package]]
name = "system-deps"
version = "6.0.3"
source = "registry+https://github.com/rust-lang/crates.io-index"
checksum = "2955b1fe31e1fa2fbd1976b71cc69a606d7d4da16f6de3333d0c92d51419aeff"
dependencies = [
 "cfg-expr",
 "heck",
 "pkg-config",
 "toml",
 "version-compare",
]

[[package]]
name = "termcolor"
version = "1.2.0"
source = "registry+https://github.com/rust-lang/crates.io-index"
checksum = "be55cf8942feac5c765c2c993422806843c9a9a45d4d5c407ad6dd2ea95eb9b6"
dependencies = [
 "winapi-util",
]

[[package]]
name = "thiserror"
version = "1.0.38"
source = "registry+https://github.com/rust-lang/crates.io-index"
checksum = "6a9cd18aa97d5c45c6603caea1da6628790b37f7a34b6ca89522331c5180fed0"
dependencies = [
 "thiserror-impl",
]

[[package]]
name = "thiserror-impl"
version = "1.0.38"
source = "registry+https://github.com/rust-lang/crates.io-index"
checksum = "1fb327af4685e4d03fa8cbcf1716380da910eeb2bb8be417e7f9fd3fb164f36f"
dependencies = [
 "proc-macro2",
 "quote",
 "syn 1.0.109",
]

[[package]]
name = "toml"
version = "0.5.11"
source = "registry+https://github.com/rust-lang/crates.io-index"
checksum = "f4f7f0dd8d50a853a531c426359045b1998f04219d88799810762cd4ad314234"
dependencies = [
 "serde",
]

[[package]]
name = "toml_datetime"
version = "0.5.1"
source = "registry+https://github.com/rust-lang/crates.io-index"
checksum = "4553f467ac8e3d374bc9a177a26801e5d0f9b211aa1673fb137a403afd1c9cf5"

[[package]]
name = "toml_datetime"
version = "0.6.3"
source = "registry+https://github.com/rust-lang/crates.io-index"
checksum = "7cda73e2f1397b1262d6dfdcef8aafae14d1de7748d66822d3bfeeb6d03e5e4b"

[[package]]
name = "toml_edit"
version = "0.18.1"
source = "registry+https://github.com/rust-lang/crates.io-index"
checksum = "56c59d8dd7d0dcbc6428bf7aa2f0e823e26e43b3c9aca15bbc9475d23e5fa12b"
dependencies = [
 "indexmap 1.9.2",
 "nom8",
 "toml_datetime 0.5.1",
]

[[package]]
name = "toml_edit"
version = "0.20.2"
source = "registry+https://github.com/rust-lang/crates.io-index"
checksum = "396e4d48bbb2b7554c944bde63101b5ae446cff6ec4a24227428f15eb72ef338"
dependencies = [
 "indexmap 2.1.0",
 "toml_datetime 0.6.3",
 "winnow",
]

[[package]]
name = "ucd-trie"
version = "0.1.5"
source = "registry+https://github.com/rust-lang/crates.io-index"
checksum = "9e79c4d996edb816c91e4308506774452e55e95c3c9de07b6729e17e15a5ef81"

[[package]]
name = "unicode-ident"
version = "1.0.6"
source = "registry+https://github.com/rust-lang/crates.io-index"
checksum = "84a22b9f218b40614adcb3f4ff08b703773ad44fa9423e4e0d346d5db86e4ebc"

[[package]]
name = "version-compare"
version = "0.1.1"
source = "registry+https://github.com/rust-lang/crates.io-index"
checksum = "579a42fc0b8e0c63b76519a339be31bed574929511fa53c1a3acae26eb258f29"

[[package]]
name = "version_check"
version = "0.9.4"
source = "registry+https://github.com/rust-lang/crates.io-index"
checksum = "49874b5167b65d7193b8aba1567f5c7d93d001cafc34600cee003eda787e483f"

[[package]]
name = "wasi"
version = "0.11.0+wasi-snapshot-preview1"
source = "registry+https://github.com/rust-lang/crates.io-index"
checksum = "9c8d87e72b64a3b4db28d11ce29237c246188f4f51057d65a7eab63b7987e423"

[[package]]
name = "winapi"
version = "0.3.9"
source = "registry+https://github.com/rust-lang/crates.io-index"
checksum = "5c839a674fcd7a98952e593242ea400abe93992746761e38641405d28b00f419"
dependencies = [
 "winapi-i686-pc-windows-gnu",
 "winapi-x86_64-pc-windows-gnu",
]

[[package]]
name = "winapi-i686-pc-windows-gnu"
version = "0.4.0"
source = "registry+https://github.com/rust-lang/crates.io-index"
checksum = "ac3b87c63620426dd9b991e5ce0329eff545bccbbb34f3be09ff6fb6ab51b7b6"

[[package]]
name = "winapi-util"
version = "0.1.5"
source = "registry+https://github.com/rust-lang/crates.io-index"
checksum = "70ec6ce85bb158151cae5e5c87f95a8e97d2c0c4b001223f33a334e3ce5de178"
dependencies = [
 "winapi",
]

[[package]]
name = "winapi-x86_64-pc-windows-gnu"
version = "0.4.0"
source = "registry+https://github.com/rust-lang/crates.io-index"
checksum = "712e227841d057c1ee1cd2fb22fa7e5a5461ae8e48fa2ca79ec42cfc1931183f"

[[package]]
name = "windows-sys"
version = "0.45.0"
source = "registry+https://github.com/rust-lang/crates.io-index"
checksum = "75283be5efb2831d37ea142365f009c02ec203cd29a3ebecbc093d52315b66d0"
dependencies = [
 "windows-targets 0.42.1",
]

[[package]]
name = "windows-sys"
version = "0.48.0"
source = "registry+https://github.com/rust-lang/crates.io-index"
checksum = "677d2418bec65e3338edb076e806bc1ec15693c5d0104683f2efe857f61056a9"
dependencies = [
 "windows-targets 0.48.5",
]

[[package]]
name = "windows-targets"
version = "0.42.1"
source = "registry+https://github.com/rust-lang/crates.io-index"
checksum = "8e2522491fbfcd58cc84d47aeb2958948c4b8982e9a2d8a2a35bbaed431390e7"
dependencies = [
 "windows_aarch64_gnullvm 0.42.1",
 "windows_aarch64_msvc 0.42.1",
 "windows_i686_gnu 0.42.1",
 "windows_i686_msvc 0.42.1",
 "windows_x86_64_gnu 0.42.1",
 "windows_x86_64_gnullvm 0.42.1",
 "windows_x86_64_msvc 0.42.1",
]

[[package]]
name = "windows-targets"
version = "0.48.5"
source = "registry+https://github.com/rust-lang/crates.io-index"
checksum = "9a2fa6e2155d7247be68c096456083145c183cbbbc2764150dda45a87197940c"
dependencies = [
 "windows_aarch64_gnullvm 0.48.5",
 "windows_aarch64_msvc 0.48.5",
 "windows_i686_gnu 0.48.5",
 "windows_i686_msvc 0.48.5",
 "windows_x86_64_gnu 0.48.5",
 "windows_x86_64_gnullvm 0.48.5",
 "windows_x86_64_msvc 0.48.5",
]

[[package]]
name = "windows_aarch64_gnullvm"
version = "0.42.1"
source = "registry+https://github.com/rust-lang/crates.io-index"
checksum = "8c9864e83243fdec7fc9c5444389dcbbfd258f745e7853198f365e3c4968a608"

[[package]]
name = "windows_aarch64_gnullvm"
version = "0.48.5"
source = "registry+https://github.com/rust-lang/crates.io-index"
checksum = "2b38e32f0abccf9987a4e3079dfb67dcd799fb61361e53e2882c3cbaf0d905d8"

[[package]]
name = "windows_aarch64_msvc"
version = "0.42.1"
source = "registry+https://github.com/rust-lang/crates.io-index"
checksum = "4c8b1b673ffc16c47a9ff48570a9d85e25d265735c503681332589af6253c6c7"

[[package]]
name = "windows_aarch64_msvc"
version = "0.48.5"
source = "registry+https://github.com/rust-lang/crates.io-index"
checksum = "dc35310971f3b2dbbf3f0690a219f40e2d9afcf64f9ab7cc1be722937c26b4bc"

[[package]]
name = "windows_i686_gnu"
version = "0.42.1"
source = "registry+https://github.com/rust-lang/crates.io-index"
checksum = "de3887528ad530ba7bdbb1faa8275ec7a1155a45ffa57c37993960277145d640"

[[package]]
name = "windows_i686_gnu"
version = "0.48.5"
source = "registry+https://github.com/rust-lang/crates.io-index"
checksum = "a75915e7def60c94dcef72200b9a8e58e5091744960da64ec734a6c6e9b3743e"

[[package]]
name = "windows_i686_msvc"
version = "0.42.1"
source = "registry+https://github.com/rust-lang/crates.io-index"
checksum = "bf4d1122317eddd6ff351aa852118a2418ad4214e6613a50e0191f7004372605"

[[package]]
name = "windows_i686_msvc"
version = "0.48.5"
source = "registry+https://github.com/rust-lang/crates.io-index"
checksum = "8f55c233f70c4b27f66c523580f78f1004e8b5a8b659e05a4eb49d4166cca406"

[[package]]
name = "windows_x86_64_gnu"
version = "0.42.1"
source = "registry+https://github.com/rust-lang/crates.io-index"
checksum = "c1040f221285e17ebccbc2591ffdc2d44ee1f9186324dd3e84e99ac68d699c45"

[[package]]
name = "windows_x86_64_gnu"
version = "0.48.5"
source = "registry+https://github.com/rust-lang/crates.io-index"
checksum = "53d40abd2583d23e4718fddf1ebec84dbff8381c07cae67ff7768bbf19c6718e"

[[package]]
name = "windows_x86_64_gnullvm"
version = "0.42.1"
source = "registry+https://github.com/rust-lang/crates.io-index"
checksum = "628bfdf232daa22b0d64fdb62b09fcc36bb01f05a3939e20ab73aaf9470d0463"

[[package]]
name = "windows_x86_64_gnullvm"
version = "0.48.5"
source = "registry+https://github.com/rust-lang/crates.io-index"
checksum = "0b7b52767868a23d5bab768e390dc5f5c55825b6d30b86c844ff2dc7414044cc"

[[package]]
name = "windows_x86_64_msvc"
version = "0.42.1"
source = "registry+https://github.com/rust-lang/crates.io-index"
checksum = "447660ad36a13288b1db4d4248e857b510e8c3a225c822ba4fb748c0aafecffd"

[[package]]
name = "windows_x86_64_msvc"
version = "0.48.5"
source = "registry+https://github.com/rust-lang/crates.io-index"
checksum = "ed94fce61571a4006852b7389a063ab983c02eb1bb37b47f8272ce92d06d9538"

[[package]]
name = "winnow"
version = "0.5.31"
source = "registry+https://github.com/rust-lang/crates.io-index"
checksum = "97a4882e6b134d6c28953a387571f1acdd3496830d5e36c5e3a1075580ea641c"
dependencies = [
 "memchr",
]

[[package]]
name = "wleave"
version = "0.3.2"
dependencies = [
 "clap",
 "dirs",
 "gtk",
 "gtk-layer-shell",
 "serde",
 "serde_json",
]

[[package]]
name = "wleave_completions"
version = "0.1.0"
dependencies = [
 "clap",
 "clap_complete",
 "wleave",
]
